
Microsoft Visual Studio Solution File, Format Version 12.00
# Visual Studio Version 17
VisualStudioVersion = 17.14.36202.13 d17.14
MinimumVisualStudioVersion = 10.0.40219.1
Project("{FAE04EC0-301F-11D3-BF4B-00C04F79EFBC}") = "Tradeplus.Service", "Tradeplus.Service\Tradeplus.Service.csproj", "{8F925E6A-FBD9-423B-83FD-77E4E48B61FF}"
EndProject
Global
	GlobalSection(SolutionConfigurationPlatforms) = preSolution
		Debug|Any CPU = Debug|Any CPU
		Release|Any CPU = Release|Any CPU
	EndGlobalSection
	GlobalSection(ProjectConfigurationPlatforms) = postSolution
		{8F925E6A-FBD9-423B-83FD-77E4E48B61FF}.Debug|Any CPU.ActiveCfg = Debug|Any CPU
		{8F925E6A-FBD9-423B-83FD-77E4E48B61FF}.Debug|Any CPU.Build.0 = Debug|Any CPU
		{8F925E6A-FBD9-423B-83FD-77E4E48B61FF}.Release|Any CPU.ActiveCfg = Release|Any CPU
		{8F925E6A-FBD9-423B-83FD-77E4E48B61FF}.Release|Any CPU.Build.0 = Release|Any CPU
	EndGlobalSection
	GlobalSection(SolutionProperties) = preSolution
		HideSolutionNode = FALSE
	EndGlobalSection
	GlobalSection(ExtensibilityGlobals) = postSolution
		SolutionGuid = {EA18ACF6-895C-4B7F-82C4-804A603C9AD8}
	EndGlobalSection
EndGlobal
